version = 1
revision = 2
requires-python = ">=3.10"

[[package]]
name = "attrs"
version = "25.4.0"
source = { registry = "https://pypi.org/simple" }
sdist = { url = "https://files.pythonhosted.org/packages/6b/5c/685e6633917e101e5dcb62b9dd76946cbb57c26e133bae9e0cd36033c0a9/attrs-25.4.0.tar.gz", hash = "sha256:16d5969b87f0859ef33a48b35d55ac1be6e42ae49d5e853b597db70c35c57e11", size = 934251, upload-time = "2025-10-06T13:54:44.725Z" }
wheels = [
    { url = "https://files.pythonhosted.org/packages/3a/2a/7cc015f5b9f5db42b7d48157e23356022889fc354a2813c15934b7cb5c0e/attrs-25.4.0-py3-none-any.whl", hash = "sha256:adcf7e2a1fb3b36ac48d97835bb6d8ade15b8dcce26aba8bf1d14847b57a3373", size = 67615, upload-time = "2025-10-06T13:54:43.17Z" },
]

[[package]]
name = "cattrs"
version = "26.1.0"
source = { registry = "https://pypi.org/simple" }
dependencies = [
    { name = "attrs" },
    { name = "exceptiongroup", marker = "python_full_version < '3.11'" },
    { name = "typing-extensions" },
]
sdist = { url = "https://files.pythonhosted.org/packages/a0/ec/ba18945e7d6e55a58364d9fb2e46049c1c2998b3d805f19b703f14e81057/cattrs-26.1.0.tar.gz", hash = "sha256:fa239e0f0ec0715ba34852ce813986dfed1e12117e209b816ab87401271cdd40", size = 495672, upload-time = "2026-02-18T22:15:19.406Z" }
wheels = [
    { url = "https://files.pythonhosted.org/packages/80/56/60547f7801b97c67e97491dc3d9ade9fbccbd0325058fd3dfcb2f5d98d90/cattrs-26.1.0-py3-none-any.whl", hash = "sha256:d1e0804c42639494d469d08d4f26d6b9de9b8ab26b446db7b5f8c2e97f7c3096", size = 73054, upload-time = "2026-02-18T22:15:17.958Z" },
]

[[package]]
name = "coverage"
version = "7.15.0"
source = { registry = "https://pypi.org/simple" }
sdist = { url = "https://files.pythonhosted.org/packages/cc/8b/adeb62ea8951f13c4c7fef2e7a85e1a06b499c8d8237ea589d496029e53f/coverage-7.15.0.tar.gz", hash = "sha256:9ac3fe7a1435986463eaa8ee253ae2f2a268709ba4ae5c7dd1f52a05391ad78f", size = 925362, upload-time = "2026-07-02T13:10:50.535Z" }
wheels = [
    { url = "https://files.pythonhosted.org/packages/2a/97/c52dc440c390b6cfa87be9432b141a956e2d56d9b9f5fc8bd71c5f471722/coverage-7.15.0-cp310-cp310-macosx_10_9_x86_64.whl", hash = "sha256:50913d4bf5ddafa6ca3693da5e4dd833dd1b772e0283c99ca7f7d287db67331a", size = 220539, upload-time = "2026-07-02T13:08:19.252Z" },
    { url = "https://files.pythonhosted.org/packages/3f/26/602de8c2aec7e2e3e99ebfb8e04ba65598f746275396eea5f6794ff4673f/coverage-7.15.0-cp310-cp310-macosx_11_0_arm64.whl", hash = "sha256:359e141ccd33893ce3f1ad5525f8b96083003677c82182e5907d62d4ea5799fc", size = 221058, upload-time = "2026-07-02T13:08:21.013Z" },
    { url = "https://files.pythonhosted.org/packages/fc/13/ebab0743138891c1d646d61e247ec29639afcbb6c4e1905e6a0f0c75291a/coverage-7.15.0-cp310-cp310-manylinux1_i686.manylinux_2_28_i686.manylinux_2_5_i686.whl", hash = "sha256:3200b6204935f928c64b2ca1f923ab8c1acb7c9de45ec61569711b34d25cccaf", size = 247797, upload-time = "2026-07-02T13:08:22.474Z" },
    { url = "https://files.pythonhosted.org/packages/d3/b7/b6ffb9e042aa48dc4144a8a65529affaec8dca0685309353614a2a7386ad/coverage-7.15.0-cp310-cp310-manylinux1_x86_64.manylinux_2_28_x86_64.manylinux_2_5_x86_64.whl", hash = "sha256:be616bf61346883b2cfdc5178669647e03531d81ab761a7e378558b7e8bcb628", size = 249626, upload-time = "2026-07-02T13:08:23.803Z" },
    { url = "https://files.pythonhosted.org/packages/9c/06/243ff05b652333d8e3d060c11223efc2723b19cacf6605e433fa686ab5d4/coverage-7.15.0-cp310-cp310-manylinux2014_aarch64.manylinux_2_17_aarch64.manylinux_2_28_aarch64.whl", hash = "sha256:cc7bafc3fe1059463a8fdd97ca79972d6e2bf819d775c7d54991b5b1971201d6", size = 251493, upload-time = "2026-07-02T13:08:25.397Z" },
    { url = "https://files.pythonhosted.org/packages/d3/2b/867faa17030a806114dae388b32a3fa929d8cd4bf39226fbc11f6e6bb705/coverage-7.15.0-cp310-cp310-manylinux2014_ppc64le.manylinux_2_17_ppc64le.manylinux_2_28_ppc64le.whl", hash = "sha256:b713aa7fcf325a01d4184d848acb46fd84f78fdb0978470c636b23a06a753d91", size = 253406, upload-time = "2026-07-02T13:08:26.842Z" },
    { url = "https://files.pythonhosted.org/packages/94/c0/d789ce18f6605afc4895db75723424be2ef494282f77f61d8e5832923183/coverage-7.15.0-cp310-cp310-manylinux_2_31_riscv64.manylinux_2_39_riscv64.whl", hash = "sha256:e38e6fba2d56652fdfaf0231f8f78aeb805234a912de25dc291ee5cce5b8faa4", size = 248512, upload-time = "2026-07-02T13:08:28.398Z" },
    { url = "https://files.pythonhosted.org/packages/c9/b6/b2673c30739f4a2e06649a0a38ad8b093c4d865462dc7bab0e9524a2c3b1/coverage-7.15.0-cp310-cp310-musllinux_1_2_aarch64.whl", hash = "sha256:884499f42e382675be80770391983b90e0c0c774d87dbeeebf5f991cf6612b20", size = 249532, upload-time = "2026-07-02T13:08:29.731Z" },
    { url = "https://files.pythonhosted.org/packages/3c/2e/acd79e9a41beabee92b623afe4f30b549916f48566271475f2907e752828/coverage-7.15.0-cp310-cp310-musllinux_1_2_i686.whl", hash = "sha256:840481b12e083dbcbafab14794a8781a958edf327c8d3d70b4eee42f9b8253aa", size = 247537, upload-time = "2026-07-02T13:08:31.173Z" },
    { url = "https://files.pythonhosted.org/packages/12/d4/2d301c4d1b3238d7c88b70ab9d13fd53ed9505662a7ff1b46ba1e2e4e3c3/coverage-7.15.0-cp310-cp310-musllinux_1_2_ppc64le.whl", hash = "sha256:276646e9481703d09f854f3b2f018f24e19fd7049ae670a92570043eb97203b1", size = 251348, upload-time = "2026-07-02T13:08:32.63Z" },
    { url = "https://files.pythonhosted.org/packages/35/bb/c67708b2bc00f32e12805ec23d5fa677a0a51652f449341a89f9d6b1b715/coverage-7.15.0-cp310-cp310-musllinux_1_2_riscv64.whl", hash = "sha256:4de4b4d3f5545aa6c60dc4efd9c63b5b5dcc3bf00fe83146b2bdfffb8f6613bd", size = 247806, upload-time = "2026-07-02T13:08:33.931Z" },
    { url = "https://files.pythonhosted.org/packages/eb/6c/57c4f653c47a6e917748f8938e389e72fbcae44e3643cd906664f0477a13/coverage-7.15.0-cp310-cp310-musllinux_1_2_x86_64.whl", hash = "sha256:5c504097b2a89b1e85bc6070d920df77daec701337e3aeef2c17775a5dd0ca90", size = 248410, upload-time = "2026-07-02T13:08:35.189Z" },
    { url = "https://files.pythonhosted.org/packages/6c/94/bb083041aef828903668f134273f319f2bd49224962875359c52faa5497f/coverage-7.15.0-cp310-cp310-win32.whl", hash = "sha256:f6e80ed91f98316e86b9c137206b04b2bcfbffccbdff49bd2eb09dddb1cf14e0", size = 222588, upload-time = "2026-07-02T13:08:36.486Z" },
    { url = "https://files.pythonhosted.org/packages/ef/94/a09d8ee618956f626741b0734854bac4425a00e10c0565f5abca64e7e751/coverage-7.15.0-cp310-cp310-win_amd64.whl", hash = "sha256:b3b3e22030f3f6f5e01a5ce69936552a5c0f6992b7698777377b99041961031f", size = 223214, upload-time = "2026-07-02T13:08:37.885Z" },
    { url = "https://files.pythonhosted.org/packages/ae/23/82e910835ef4b8391047025e1d53aa48d66029f444eb8b25373c849bf503/coverage-7.15.0-cp311-cp311-macosx_10_9_x86_64.whl", hash = "sha256:003fff99412ea848c0aaebcc78ed2b6ce7d8a1227ed17e68470672770b78a02a", size = 220662, upload-time = "2026-07-02T13:08:39.205Z" },
    { url = "https://files.pythonhosted.org/packages/6d/0d/c7b213dde2f1579de5231062b386d8413f79c11667eb58c39319b25991da/coverage-7.15.0-cp311-cp311-macosx_11_0_arm64.whl", hash = "sha256:5cbd804bf2784ce7b45114516050f346ecd50f960c4bb630a7ee9e1d78fa2118", size = 221168, upload-time = "2026-07-02T13:08:40.471Z" },
    { url = "https://files.pythonhosted.org/packages/33/77/d000aeedfac085088337b3c7becdad328474b1f8a9e4c9368a0c99605d68/coverage-7.15.0-cp311-cp311-manylinux1_i686.manylinux_2_28_i686.manylinux_2_5_i686.whl", hash = "sha256:8773e15c23305b58882a4611fb9b2755977eae0dc2e515366a1b6c98866cc4c2", size = 251587, upload-time = "2026-07-02T13:08:42.033Z" },
    { url = "https://files.pythonhosted.org/packages/cc/e0/86787c56b9df17afd370d5e293515dd4d9a107a561d13054873eefad8ecc/coverage-7.15.0-cp311-cp311-manylinux1_x86_64.manylinux_2_28_x86_64.manylinux_2_5_x86_64.whl", hash = "sha256:f50e40081494c1dc4239ebb202014cbcc3306ea96fb6302a34c8cc0967fc5ae8", size = 253497, upload-time = "2026-07-02T13:08:43.387Z" },
    { url = "https://files.pythonhosted.org/packages/3f/02/181bc917359299c07dead6270f94e411151c8b60cec905c33499da69afe6/coverage-7.15.0-cp311-cp311-manylinux2014_aarch64.manylinux_2_17_aarch64.manylinux_2_28_aarch64.whl", hash = "sha256:daf96f37f5fc3a7b6c6da862eb4aee61c426bd63da236ed4a73ef0e503b4bca5", size = 255607, upload-time = "2026-07-02T13:08:44.897Z" },
    { url = "https://files.pythonhosted.org/packages/b9/35/ca5e7427699913da6788c4f910e73ab16c5f4b59ec5d3a999dce2a45112f/coverage-7.15.0-cp311-cp311-manylinux2014_ppc64le.manylinux_2_17_ppc64le.manylinux_2_28_ppc64le.whl", hash = "sha256:51aa20f6ae2788fd197747766edf4cd8234fd9423309b934257fa6b21a592723", size = 257563, upload-time = "2026-07-02T13:08:46.334Z" },
    { url = "https://files.pythonhosted.org/packages/0b/4d/b8220bacc2fc3c4e9078e27c32e99fb411479a4718a72bdd00036a9891c8/coverage-7.15.0-cp311-cp311-manylinux_2_31_riscv64.manylinux_2_39_riscv64.whl", hash = "sha256:03d1f922757662eb7af586e77834792274cff776bc7b1d1a0b66a49ea9d84735", size = 251726, upload-time = "2026-07-02T13:08:47.941Z" },
    { url = "https://files.pythonhosted.org/packages/c4/e4/2e145da1991d72189b9c3cf7eca05c716ee7080d099aaea6757cfc7df008/coverage-7.15.0-cp311-cp311-musllinux_1_2_aarch64.whl", hash = "sha256:a6d6acc9a7666245e6133dd15144ca038a85a9cd5026bb06d6bbae9e77440dc9", size = 253301, upload-time = "2026-07-02T13:08:49.5Z" },
    { url = "https://files.pythonhosted.org/packages/72/28/d2c841d698bf762e481f08bd4839d370246b6d9b61dab085a7b20b201a08/coverage-7.15.0-cp311-cp311-musllinux_1_2_i686.whl", hash = "sha256:1ac2c4c27c7df851dc9a017c2d7de00b69147e84ba3d96f37a530b0b6fb51035", size = 251361, upload-time = "2026-07-02T13:08:51.304Z" },
    { url = "https://files.pythonhosted.org/packages/9d/ed/55d9ffde994fba3897c0c783f77a7d053b0c18787f6892ed5b0aed73f469/coverage-7.15.0-cp311-cp311-musllinux_1_2_ppc64le.whl", hash = "sha256:b761a1d504fd4bd1f20f418753964dca9f5862a511fc854dac58296b3b223671", size = 255129, upload-time = "2026-07-02T13:08:52.661Z" },
    { url = "https://files.pythonhosted.org/packages/1d/c0/ecbf33b8c460ea2718aeb813e2df8140d0370e5f67261c31524ceb0a2a8d/coverage-7.15.0-cp311-cp311-musllinux_1_2_riscv64.whl", hash = "sha256:e43b045e11c16e897895758ae90e4a90cf99e93d58549e2f90c0e2272e155695", size = 251081, upload-time = "2026-07-02T13:08:54.188Z" },
    { url = "https://files.pythonhosted.org/packages/a9/de/fb87b4261f54448dd2b9504ef19a58be42cef0d9520595fbfe1219b15234/coverage-7.15.0-cp311-cp311-musllinux_1_2_x86_64.whl", hash = "sha256:589b54513e901739f4b4582c705ce96b80c96f57641b1464607e2367a270e540", size = 251988, upload-time = "2026-07-02T13:08:55.726Z" },
    { url = "https://files.pythonhosted.org/packages/df/27/3494d5f291b9a4cb868f73c11221a8bd2d5bd761a8f9acea61ff57128dd1/coverage-7.15.0-cp311-cp311-win32.whl", hash = "sha256:106781b8482749162d0b47056937ba0933508e5d9447f65a5e7d5c422f0d6bb4", size = 222754, upload-time = "2026-07-02T13:08:57.091Z" },
    { url = "https://files.pythonhosted.org/packages/2a/ee/cd4847ebc9be6a9c0123d763645a6f1f3be6b8c58c962706368b79cbac07/coverage-7.15.0-cp311-cp311-win_amd64.whl", hash = "sha256:821e92b3631d762a339695824cadbbc73020354eba2a23a551a99ad34938fbe6", size = 223225, upload-time = "2026-07-02T13:08:58.594Z" },
    { url = "https://files.pythonhosted.org/packages/57/37/5011581aa7f2be498b97dcc7c9902192442a42f4f9a748aeadb3d6506b42/coverage-7.15.0-cp311-cp311-win_arm64.whl", hash = "sha256:309990eb5fb8014b9f67cb211f7fd41876ec8a88a88d3ae76de0ed1d611e3640", size = 222774, upload-time = "2026-07-02T13:09:00.074Z" },
    { url = "https://files.pythonhosted.org/packages/2a/74/fd4c0901137c4f8d81a76ada99e43c65163b4c94a02ece107a4ec0c6b615/coverage-7.15.0-cp312-cp312-macosx_10_13_x86_64.whl", hash = "sha256:b75ee5e8cb7575636ac598719b4307ac529ec8fcd79608a35c3cd4d4dada812d", size = 220838, upload-time = "2026-07-02T13:09:02.084Z" },
    { url = "https://files.pythonhosted.org/packages/0f/2e/2347583467bd7f0402635101a916961915cc68fce652cd0db5f173ea04fc/coverage-7.15.0-cp312-cp312-macosx_11_0_arm64.whl", hash = "sha256:ffb31267816b93b075302248cc1737506081b4f163df4401e9df1a6424aafabe", size = 221197, upload-time = "2026-07-02T13:09:03.617Z" },
    { url = "https://files.pythonhosted.org/packages/f0/17/99fa688541ae1d6e84543a0e544f83de0c944815b63e9e7b1ed411d15036/coverage-7.15.0-cp312-cp312-manylinux1_i686.manylinux_2_28_i686.manylinux_2_5_i686.whl", hash = "sha256:e4d0bb73455bf97ab243a8f12c37c686ccf1c13bb614b7b85f1d062f06f42b2c", size = 252705, upload-time = "2026-07-02T13:09:05.059Z" },
    { url = "https://files.pythonhosted.org/packages/fb/02/6a95a5cd83b74839017ef9cf48d2d8c9ae60af919e17a3f336e6f9f1b7bd/coverage-7.15.0-cp312-cp312-manylinux1_x86_64.manylinux_2_28_x86_64.manylinux_2_5_x86_64.whl", hash = "sha256:20d9ccc4ebd0edc434d86dfd2a1dd2a8efa6b6b3073d0485a394fee86459ebb4", size = 255441, upload-time = "2026-07-02T13:09:06.559Z" },
    { url = "https://files.pythonhosted.org/packages/67/f2/406f6c57d600f68185942422c4c00f1a3255d60aee6e5fd961425cd9987e/coverage-7.15.0-cp312-cp312-manylinux2014_aarch64.manylinux_2_17_aarch64.manylinux_2_28_aarch64.whl", hash = "sha256:20c8a976c365c8cb12f0cbd099508772ea41fb5fa80657a8506df0e11bd278c5", size = 256556, upload-time = "2026-07-02T13:09:08.197Z" },
    { url = "https://files.pythonhosted.org/packages/74/8e/d3fa48489c15ecdec1ba48fd61f68798555dddd2f6716f9ad42adeb1a2a9/coverage-7.15.0-cp312-cp312-manylinux2014_ppc64le.manylinux_2_17_ppc64le.manylinux_2_28_ppc64le.whl", hash = "sha256:f948fd5ba1b9cbca91f0ae08b4c1ce2b139509149a435e2585d056d57d70bf01", size = 258815, upload-time = "2026-07-02T13:09:09.691Z" },
    { url = "https://files.pythonhosted.org/packages/47/2e/2d40ddd110462c6a2769677cf7f1c119a52b45f568978fc6c98e4cc0dd0f/coverage-7.15.0-cp312-cp312-manylinux_2_31_riscv64.manylinux_2_39_riscv64.whl", hash = "sha256:f58185f06edf6ad68ec9fb155d63ef650c82f3fbd7e1770e2867751fb13158f4", size = 253117, upload-time = "2026-07-02T13:09:11.212Z" },
    { url = "https://files.pythonhosted.org/packages/51/c0/310782f0d7c3cb2b5ac05ba8d205fe91f24a36f6bf3256098f1782181c38/coverage-7.15.0-cp312-cp312-musllinux_1_2_aarch64.whl", hash = "sha256:02adc79a920c73c647c5d117f55747df7f2de94571884758ce8bc58e04f0a796", size = 254475, upload-time = "2026-07-02T13:09:13.029Z" },
    { url = "https://files.pythonhosted.org/packages/86/f7/702da6c275f8ae6ade423d2877243122932c9b27f5403003b9ef8c927d12/coverage-7.15.0-cp312-cp312-musllinux_1_2_i686.whl", hash = "sha256:6eb7c300fbed667fd6e3588eba71c1904cdb06110ca6fdf908c26bdd88b8e382", size = 252619, upload-time = "2026-07-02T13:09:14.699Z" },
    { url = "https://files.pythonhosted.org/packages/fb/84/c5b15a7e5ecba4e56218d772d99fe80a63e63f8d11f12783723a6005ab45/coverage-7.15.0-cp312-cp312-musllinux_1_2_ppc64le.whl", hash = "sha256:b5fb23fa2de9dce1f5c36c09066d8fcda16cd96e8e26686caa2d7cb9b567d65c", size = 256689, upload-time = "2026-07-02T13:09:16.103Z" },
    { url = "https://files.pythonhosted.org/packages/95/2f/c8b07559b57701230c61b23a953858c052890c12ef568d81780c6c46e92e/coverage-7.15.0-cp312-cp312-musllinux_1_2_riscv64.whl", hash = "sha256:cec79341dbe6281484024979976d0c7f22beae08b4a254655decd25d42cbe766", size = 252189, upload-time = "2026-07-02T13:09:17.828Z" },
    { url = "https://files.pythonhosted.org/packages/6b/80/6d2f049dd3fd3dbfd60b62ba6b2162a04009e2c002ce70b24cf3878dec7a/coverage-7.15.0-cp312-cp312-musllinux_1_2_x86_64.whl", hash = "sha256:6c664c5444b1d970b1b2a450e21fb19ee5c9cfdf151ded2dda37260031cca0da", size = 254059, upload-time = "2026-07-02T13:09:19.304Z" },
    { url = "https://files.pythonhosted.org/packages/ce/92/b0287a2c42031d25c628f815f89a3cd9f8268ee78bb1252c9356cda1c689/coverage-7.15.0-cp312-cp312-win32.whl", hash = "sha256:5f764a3fa339bde6b3aa97657f5a6a3a9451e4a5b4ea98a2892c773a43525f77", size = 222893, upload-time = "2026-07-02T13:09:20.812Z" },
    { url = "https://files.pythonhosted.org/packages/a9/69/e34c481915fecb499b3146975061dac528752e37706edc1804f32c822469/coverage-7.15.0-cp312-cp312-win_amd64.whl", hash = "sha256:52f9a4d2c4c56c8848bc2f524916698354b0211488b38c49ad9ae54f6cafbff6", size = 223429, upload-time = "2026-07-02T13:09:22.315Z" },
    { url = "https://files.pythonhosted.org/packages/fe/98/6e878f0b571d32684ef3f38d7c03db241ca5b82a5da8a5391596a8f209c4/coverage-7.15.0-cp312-cp312-win_arm64.whl", hash = "sha256:31e5c3e70c85307ea35a12964e2e40f56ca2ee4b1c8c721ccf4609d17071080b", size = 222810, upload-time = "2026-07-02T13:09:23.812Z" },
    { url = "https://files.pythonhosted.org/packages/76/04/145a3748098bcc86b631a85408d2c3dc5c104e0bd86d605468239b25b6c4/coverage-7.15.0-cp313-cp313-macosx_10_13_x86_64.whl", hash = "sha256:5be4caf3b28836f078abe700f8944dac4a65d78f16d6c600c89cb624e5535782", size = 220863, upload-time = "2026-07-02T13:09:25.371Z" },
    { url = "https://files.pythonhosted.org/packages/a4/5c/4ed55708fed2c64b63c9bc5715daef670872202101938869b7fe5d5fbb8f/coverage-7.15.0-cp313-cp313-macosx_11_0_arm64.whl", hash = "sha256:dd58ad1404704303ca8d4f4b8a1095e7cbc7040ef17a66df1e6619aa10176430", size = 221230, upload-time = "2026-07-02T13:09:26.897Z" },
    { url = "https://files.pythonhosted.org/packages/7b/19/3a80b97d3b2a5c77a01ae359c6bed20c13738fe3d9380f08616d4fec0281/coverage-7.15.0-cp313-cp313-manylinux1_i686.manylinux_2_28_i686.manylinux_2_5_i686.whl", hash = "sha256:bbcbb317c2e5ded5b21104af81c29f391be2af98d065693ffbe8d23949b948e5", size = 252227, upload-time = "2026-07-02T13:09:28.543Z" },
    { url = "https://files.pythonhosted.org/packages/a1/fa/b70062750686bd7da454da27927622f48bbac6990ac7a4c4a4653e7b0036/coverage-7.15.0-cp313-cp313-manylinux1_x86_64.manylinux_2_28_x86_64.manylinux_2_5_x86_64.whl", hash = "sha256:27f31ecb458da3f859aab3f15ada871eb7a7768807d88df4a9f186bb17737970", size = 254823, upload-time = "2026-07-02T13:09:30.177Z" },
    { url = "https://files.pythonhosted.org/packages/a9/09/dad6a75a2e561b9dc5086a8c5257a7591d584246f67e23e70d2995b89ab6/coverage-7.15.0-cp313-cp313-manylinux2014_aarch64.manylinux_2_17_aarch64.manylinux_2_28_aarch64.whl", hash = "sha256:13fb759be317fdc62e0f56bffdf61cfcb45c7761ad6b71e3e583e71a67ae753c", size = 256059, upload-time = "2026-07-02T13:09:31.979Z" },
    { url = "https://files.pythonhosted.org/packages/e6/e7/b5d2941fa9564573d44b693a871ff3156f0c42cbefe977a09fa7fdc59971/coverage-7.15.0-cp313-cp313-manylinux2014_ppc64le.manylinux_2_17_ppc64le.manylinux_2_28_ppc64le.whl", hash = "sha256:d5cf007add5ab4bb8fa9f4c77e3732127c9e6cad501d7db43355fbfafca0be84", size = 258190, upload-time = "2026-07-02T13:09:34.035Z" },
    { url = "https://files.pythonhosted.org/packages/7c/1d/8e895bcde3c57ccd46d896dda5f2b3d5df761a1b0c6c9d450d175dedc632/coverage-7.15.0-cp313-cp313-manylinux_2_31_riscv64.manylinux_2_39_riscv64.whl", hash = "sha256:cc78d9843bd576fbe2118248258d485e968dc535f95ed504a7b0867ba9b51389", size = 252456, upload-time = "2026-07-02T13:09:35.765Z" },
    { url = "https://files.pythonhosted.org/packages/14/4c/f6997da343ddeb959be82c3b05322793f92c071ad45f7cb8a96336e2dd5f/coverage-7.15.0-cp313-cp313-musllinux_1_2_aarch64.whl", hash = "sha256:a263060f1de0b4b74b4e089c2a70b8003b3781c733329a9c8fd54995328f9950", size = 254192, upload-time = "2026-07-02T13:09:37.445Z" },
    { url = "https://files.pythonhosted.org/packages/17/27/a0bc09d032267b9da89d95a2d874cfbef2a5aebbf0e87cf7aba221d79a99/coverage-7.15.0-cp313-cp313-musllinux_1_2_i686.whl", hash = "sha256:c48decf16e0dfd5b049c7d5e82200c23c08126719142998d4f172444e3d0529e", size = 252153, upload-time = "2026-07-02T13:09:39.422Z" },
    { url = "https://files.pythonhosted.org/packages/54/c0/77fc233d9fba07b244c40948c53fe27308b8f21732fb3417f87fbd6fd992/coverage-7.15.0-cp313-cp313-musllinux_1_2_ppc64le.whl", hash = "sha256:08fb028000ed0aaa0a4cbdfbb98be7cb42f370db973fbbb469733505ab20e13e", size = 256310, upload-time = "2026-07-02T13:09:41.006Z" },
    { url = "https://files.pythonhosted.org/packages/d5/24/601cecfb5825becacb8d45219a018a3b55b9dbaec624efdb0ea249d08be2/coverage-7.15.0-cp313-cp313-musllinux_1_2_riscv64.whl", hash = "sha256:fb7dc0c3b7d8a1077abea0b8546ebc5e26d6ef6ecefc2f0f5ad2b8a53bdad837", size = 251974, upload-time = "2026-07-02T13:09:42.733Z" },
    { url = "https://files.pythonhosted.org/packages/47/1e/6f45e5a5b3d5484318d368702af6716b5ab8913b0428bec981a562fcf296/coverage-7.15.0-cp313-cp313-musllinux_1_2_x86_64.whl", hash = "sha256:6cb3602054ccbe9f0d8c2dc04bbeba90d5719236e2cd06e042ddd6d3fc7b6e37", size = 253745, upload-time = "2026-07-02T13:09:44.376Z" },
    { url = "https://files.pythonhosted.org/packages/8e/db/4df027a77bd11d0e527f44c53557c76e54ad027413d0304252ea3a78d67e/coverage-7.15.0-cp313-cp313-win32.whl", hash = "sha256:0bf781da64326b677be344df505171435b6f58716108606621d5d27d964fff8b", size = 222902, upload-time = "2026-07-02T13:09:46.122Z" },
    { url = "https://files.pythonhosted.org/packages/a0/10/0355894d34e231f2c5449e71287e81a50793a325df2e2b027b7bcd9dfd19/coverage-7.15.0-cp313-cp313-win_amd64.whl", hash = "sha256:2c57a275078ee3fa185f83e400f765bc764a549de66d99b47881645cbd4ea629", size = 223444, upload-time = "2026-07-02T13:09:47.687Z" },
    { url = "https://files.pythonhosted.org/packages/06/ef/bb725f263befaaff851203ab338e68af15e195d7f7b5f323162532d9b6a8/coverage-7.15.0-cp313-cp313-win_arm64.whl", hash = "sha256:3812c61afc6685c7999b39320779ab8f43b7a3081fdb0def39976e56fbdb9a21", size = 222839, upload-time = "2026-07-02T13:09:49.717Z" },
    { url = "https://files.pythonhosted.org/packages/4f/9c/1e3ca54f72a3185ece06c58d871099898c48f0ed6430d17b6ab75f0d180a/coverage-7.15.0-cp314-cp314-macosx_10_15_x86_64.whl", hash = "sha256:41cb79af843222e11da87127ad0ecbfa878abadd0f770a4a99391a27d3887324", size = 220906, upload-time = "2026-07-02T13:09:51.339Z" },
    { url = "https://files.pythonhosted.org/packages/09/37/f718613d83b274880382f6b67e78f3802549ae39b0b3e65ae5b5974df56e/coverage-7.15.0-cp314-cp314-macosx_11_0_arm64.whl", hash = "sha256:7d2008989ef8fe54188d3f3bfa2e3099b025af11e90a6a1b9e7dc433d04263d8", size = 221239, upload-time = "2026-07-02T13:09:53.138Z" },
    { url = "https://files.pythonhosted.org/packages/a7/ce/22bae91e0b75445f68d365c7643ed0aa4880bbf77450ee74ca65bdae53a7/coverage-7.15.0-cp314-cp314-manylinux1_i686.manylinux_2_28_i686.manylinux_2_5_i686.whl", hash = "sha256:769e8ece11a596315ebf5aa7ec383aeeed016c091d2bf6363ffb996d41529092", size = 252286, upload-time = "2026-07-02T13:09:54.996Z" },
    { url = "https://files.pythonhosted.org/packages/dd/1e/bec5e32aa508615d9d7a2790effb25fb4dc28606e995816afe400b25ece3/coverage-7.15.0-cp314-cp314-manylinux1_x86_64.manylinux_2_28_x86_64.manylinux_2_5_x86_64.whl", hash = "sha256:65a6b6164ee5c39e2f3803f314292d6c61a607ba7fee253d1e03c42dc3903502", size = 254789, upload-time = "2026-07-02T13:09:56.678Z" },
    { url = "https://files.pythonhosted.org/packages/17/29/0e865435b4354e4a7c03b1b7920046d31d0a273d55decefea27e011cb9bf/coverage-7.15.0-cp314-cp314-manylinux2014_aarch64.manylinux_2_17_aarch64.manylinux_2_28_aarch64.whl", hash = "sha256:75128817f95a5c45bb01d65fd2d8b9cb54bbe03d81608fb70e3e14b437ad56c2", size = 256135, upload-time = "2026-07-02T13:09:58.343Z" },
    { url = "https://files.pythonhosted.org/packages/84/ff/33a870b58a13325d62fc0a6c8f01fa0ff667cef60c7498e2382a147dfa18/coverage-7.15.0-cp314-cp314-manylinux2014_ppc64le.manylinux_2_17_ppc64le.manylinux_2_28_ppc64le.whl", hash = "sha256:9887bb428fe2d4cd4bee89bac1a6c9932f484afd5b36fbd4ff6ea5f825bb1f5e", size = 258449, upload-time = "2026-07-02T13:10:00.057Z" },
    { url = "https://files.pythonhosted.org/packages/18/7b/6fffe596bf3ddba8462758d02c5dad730fd91055a6634aa2e4226229181a/coverage-7.15.0-cp314-cp314-manylinux_2_31_riscv64.manylinux_2_39_riscv64.whl", hash = "sha256:0bfc0be1f702042207a93a00523b1065ee1fe951e96edf311581c0bbc2e34888", size = 252313, upload-time = "2026-07-02T13:10:01.946Z" },
    { url = "https://files.pythonhosted.org/packages/58/1b/11468dd6c1676ab831a70cb9a8d4e198e8607fa0b7220ab918b73fe9bfbd/coverage-7.15.0-cp314-cp314-musllinux_1_2_aarch64.whl", hash = "sha256:f64627d55def5a43282d70e08396672692f77e4da610a5bb8bb4060b432b6859", size = 254142, upload-time = "2026-07-02T13:10:04.065Z" },
    { url = "https://files.pythonhosted.org/packages/79/41/29328e21d16b1b95092c30dd700e08cf915bd3734f836df8f3bdb0e8fa9f/coverage-7.15.0-cp314-cp314-musllinux_1_2_i686.whl", hash = "sha256:2c6f0fa473003905c6d5bac328ee4eba9fbea654f15bc24b8a3274b23363fa99", size = 252108, upload-time = "2026-07-02T13:10:06.11Z" },
    { url = "https://files.pythonhosted.org/packages/9b/de/05ccfb990439655b35afbfd8e0d13fe66677565a7d4eb38c3f5ef2635e1c/coverage-7.15.0-cp314-cp314-musllinux_1_2_ppc64le.whl", hash = "sha256:2bcf9afaf064172c6ec3c58a325a9957ad1178c05dd934e25f253321776e0676", size = 256385, upload-time = "2026-07-02T13:10:08.141Z" },
    { url = "https://files.pythonhosted.org/packages/51/0e/486828a3d2695ea7a2609f17ff572f6b01905e608379440a11da4b8dffbe/coverage-7.15.0-cp314-cp314-musllinux_1_2_riscv64.whl", hash = "sha256:baf06bc987115d6fb938d403f7eab684a057766c490367999a2b71a6883110c6", size = 251923, upload-time = "2026-07-02T13:10:10.179Z" },
    { url = "https://files.pythonhosted.org/packages/18/c7/03582b6715f078e5e558354c87616d945b9894cda2dace8e4009b17035e4/coverage-7.15.0-cp314-cp314-musllinux_1_2_x86_64.whl", hash = "sha256:f0405f2ff97b1c4c0e782cb32e02f32369bcf2e6b618b591d67e1ea754575dfe", size = 253580, upload-time = "2026-07-02T13:10:12.052Z" },
    { url = "https://files.pythonhosted.org/packages/db/dc/9e578bbaf2ecb4959a81b7e7601ad8cca772cba2892e8d144cb749b4a71a/coverage-7.15.0-cp314-cp314-win32.whl", hash = "sha256:ab282853ed5fbd64bbb162f19cb8fcb7087187508a6374b4f9c34ec1577c4e8f", size = 223107, upload-time = "2026-07-02T13:10:13.994Z" },
    { url = "https://files.pythonhosted.org/packages/ae/3e/c8c3b75d8dbe0e35f7b0cc3ff5e949fc59500f70b21d0398813f66740664/coverage-7.15.0-cp314-cp314-win_amd64.whl", hash = "sha256:3bb3040e9f4bbe26fcb0cd7cc85ac63e630d3f3a9c74f027abf4caa27e706663", size = 223597, upload-time = "2026-07-02T13:10:15.906Z" },
    { url = "https://files.pythonhosted.org/packages/cd/bc/3cbc9fb036eb388519bccd521f783499c39b64256013fbc362782f196fe1/coverage-7.15.0-cp314-cp314-win_arm64.whl", hash = "sha256:346771144d34f7fa84ec28386f78e0f31653f33cf35e19d253d5b35f9e8201da", size = 223020, upload-time = "2026-07-02T13:10:17.844Z" },
    { url = "https://files.pythonhosted.org/packages/28/00/199c4a8d656dff63102577a056c0fce2ff6a79e40adac092fc986c49cbf1/coverage-7.15.0-cp314-cp314t-macosx_10_15_x86_64.whl", hash = "sha256:d34a010905fb6401324ba016b5da03d574967f7b21ce48ea41e66f0f1f95f641", size = 221638, upload-time = "2026-07-02T13:10:19.703Z" },
    { url = "https://files.pythonhosted.org/packages/ba/8e/9d0092c96a3d3a26951ecc7020826aa57bcb1b119ca81acbba996884ab13/coverage-7.15.0-cp314-cp314t-macosx_11_0_arm64.whl", hash = "sha256:bb25d825d885ca8036795dacfc3924d33091fc76d71ebc99420c6b79e77d96fa", size = 221903, upload-time = "2026-07-02T13:10:21.514Z" },
    { url = "https://files.pythonhosted.org/packages/6d/b4/c0ca3028f42c9a08e51feb4561ef1192e5de99797cd1db5b04590c215bda/coverage-7.15.0-cp314-cp314t-manylinux1_i686.manylinux_2_28_i686.manylinux_2_5_i686.whl", hash = "sha256:94c9686bfe8a9a6810297aecbd99beaa3445f9e8dc2f80b1382cca0d86b64461", size = 263267, upload-time = "2026-07-02T13:10:23.261Z" },
    { url = "https://files.pythonhosted.org/packages/5f/aa/a375e3846e5d3c013dc600b2a3231089055c73d77f5393dd2192a8d64da6/coverage-7.15.0-cp314-cp314t-manylinux1_x86_64.manylinux_2_28_x86_64.manylinux_2_5_x86_64.whl", hash = "sha256:9bd671c25f9d85f09d7ec481d0e43d5139f486c06a37139847a7ce569788af72", size = 265390, upload-time = "2026-07-02T13:10:25.152Z" },
    { url = "https://files.pythonhosted.org/packages/92/e1/5783cdabb797305e1c9e4809fea496d31834c51fa772514f73dc148bcfc9/coverage-7.15.0-cp314-cp314t-manylinux2014_aarch64.manylinux_2_17_aarch64.manylinux_2_28_aarch64.whl", hash = "sha256:110cbdf8d2e216577312cf06ccf85539c0e5a5420ef747e4a4719b5e483c88cd", size = 267811, upload-time = "2026-07-02T13:10:27.249Z" },
    { url = "https://files.pythonhosted.org/packages/85/31/96d8bbf58b8e9193bc8389574a91a0db48355ee98feb66aa6bf8d1b32eea/coverage-7.15.0-cp314-cp314t-manylinux2014_ppc64le.manylinux_2_17_ppc64le.manylinux_2_28_ppc64le.whl", hash = "sha256:2c5d4619214f1d9993e7b00a8600d14614b7e9d84e89507460b126aa5e6559e5", size = 268928, upload-time = "2026-07-02T13:10:29.242Z" },
    { url = "https://files.pythonhosted.org/packages/5e/7a/5294567e811a1cb7eda93140c628fa050d66189da28da320f93d1d815c73/coverage-7.15.0-cp314-cp314t-manylinux_2_31_riscv64.manylinux_2_39_riscv64.whl", hash = "sha256:781a704516e2d8346fbbd5be6c6f3412dd824785146528b3a01816f26c081007", size = 262378, upload-time = "2026-07-02T13:10:31.107Z" },
    { url = "https://files.pythonhosted.org/packages/69/3f/3f48538421f899f28946f90a3d272136a4686e1abf461cc9249a783ee0f3/coverage-7.15.0-cp314-cp314t-musllinux_1_2_aarch64.whl", hash = "sha256:bd4a1b44bcb65ee29e947ac92bbee04956df3a6bfc6143641bb6cae7ede00fc9", size = 265263, upload-time = "2026-07-02T13:10:32.942Z" },
    { url = "https://files.pythonhosted.org/packages/ce/d3/092df15efcab8a9c1467ee960eb8019bbad3f9300d115d89ea6195f369ff/coverage-7.15.0-cp314-cp314t-musllinux_1_2_i686.whl", hash = "sha256:0e4950c9d6d3e39c64c991814ff315e2d0b9cb8152363594212c9e55208c0a8f", size = 262866, upload-time = "2026-07-02T13:10:35.104Z" },
    { url = "https://files.pythonhosted.org/packages/e5/ab/0254d2b88665efb2c57ad368cc77ab5de3435bd8d5add4729c1b0e79431e/coverage-7.15.0-cp314-cp314t-musllinux_1_2_ppc64le.whl", hash = "sha256:fe9c87ff42e5472d80d21704972e1f96e104a0a599d77c5e35db5a3c562e2571", size = 266599, upload-time = "2026-07-02T13:10:37.05Z" },
    { url = "https://files.pythonhosted.org/packages/a8/79/1cfa4023e489ce6fbc7be4a5d442dbc375edb4f4fda39a352cedb53263c2/coverage-7.15.0-cp314-cp314t-musllinux_1_2_riscv64.whl", hash = "sha256:f00d5ae1dd2fe13fb8186e3e7d37bcbd8b25c0d764ff7d1b32cef9be058510a8", size = 261714, upload-time = "2026-07-02T13:10:38.966Z" },
    { url = "https://files.pythonhosted.org/packages/b7/eb/fee5c8665656be63f497418d410484637c438172568688e8ac92e06574e7/coverage-7.15.0-cp314-cp314t-musllinux_1_2_x86_64.whl", hash = "sha256:363ab38cc78b615f11c9cac3cf1d7eef950c18b9fdedfb9066f59461dcf84d68", size = 264025, upload-time = "2026-07-02T13:10:40.789Z" },
    { url = "https://files.pythonhosted.org/packages/ab/99/63005db722f91edc81abc16302f9cc2f6228c1679e46e15be9ae144b14d0/coverage-7.15.0-cp314-cp314t-win32.whl", hash = "sha256:54fd9c53a5fafff509195f1b6a3f9be615d8e8362a3629ff1de23d270c03c86b", size = 223413, upload-time = "2026-07-02T13:10:42.597Z" },
    { url = "https://files.pythonhosted.org/packages/c1/e8/2bc6181c4fb06f1a6b981eb85330cc57bfad7e3f710fc9c9d350013ba228/coverage-7.15.0-cp314-cp314t-win_amd64.whl", hash = "sha256:87b47553097ba185ed964866078e7e63adea9f5f51b5f39691c34f30afd21080", size = 224245, upload-time = "2026-07-02T13:10:44.47Z" },
    { url = "https://files.pythonhosted.org/packages/79/b8/4d959bf9cc45d0cfed2f4d35cafcab978cdb6ea02eb5100009cd740632a3/coverage-7.15.0-cp314-cp314t-win_arm64.whl", hash = "sha256:aeefb2dd178fe7eee79f0ad25d75855cb35ee9ed472db2c5ea06f5b4fd00cec5", size = 223558, upload-time = "2026-07-02T13:10:46.368Z" },
    { url = "https://files.pythonhosted.org/packages/52/30/21b2ad45959cd50e909e02ebac1e30b4ceb7162e91c11d4c570223a458b7/coverage-7.15.0-py3-none-any.whl", hash = "sha256:56da6a4cbe8f7e9e80bd072ca9cefe67d7106a440a7ec06519ec6507ac94ad19", size = 212632, upload-time = "2026-07-02T13:10:48.641Z" },
]

[[package]]
name = "exceptiongroup"
version = "1.3.1"
source = { registry = "https://pypi.org/simple" }
dependencies = [
    { name = "typing-extensions", marker = "python_full_version < '3.13'" },
]
sdist = { url = "https://files.pythonhosted.org/packages/50/79/66800aadf48771f6b62f7eb014e352e5d06856655206165d775e675a02c9/exceptiongroup-1.3.1.tar.gz", hash = "sha256:8b412432c6055b0b7d14c310000ae93352ed6754f70fa8f7c34141f91c4e3219", size = 30371, upload-time = "2025-11-21T23:01:54.787Z" }
wheels = [
    { url = "https://files.pythonhosted.org/packages/8a/0e/97c33bf5009bdbac74fd2beace167cab3f978feb69cc36f1ef79360d6c4e/exceptiongroup-1.3.1-py3-none-any.whl", hash = "sha256:a7a39a3bd276781e98394987d3a5701d0c4edffb633bb7a5144577f82c773598", size = 16740, upload-time = "2025-11-21T23:01:53.443Z" },
]

[[package]]
name = "firescript"
version = "0.3.0"
source = { virtual = "." }
dependencies = [
    { name = "coverage" },
    { name = "pygls" },
]

[package.metadata]
requires-dist = [
    { name = "coverage", specifier = ">=7.15.0" },
    { name = "pygls", specifier = ">=2.0.1" },
]

[[package]]
name = "lsprotocol"
version = "2025.0.0"
source = { registry = "https://pypi.org/simple" }
dependencies = [
    { name = "attrs" },
    { name = "cattrs" },
]
sdist = { url = "https://files.pythonhosted.org/packages/e9/26/67b84e6ec1402f0e6764ef3d2a0aaf9a79522cc1d37738f4e5bb0b21521a/lsprotocol-2025.0.0.tar.gz", hash = "sha256:e879da2b9301e82cfc3e60d805630487ac2f7ab17492f4f5ba5aaba94fe56c29", size = 74896, upload-time = "2025-06-17T21:30:18.156Z" }
wheels = [
    { url = "https://files.pythonhosted.org/packages/7b/f0/92f2d609d6642b5f30cb50a885d2bf1483301c69d5786286500d15651ef2/lsprotocol-2025.0.0-py3-none-any.whl", hash = "sha256:f9d78f25221f2a60eaa4a96d3b4ffae011b107537facee61d3da3313880995c7", size = 76250, upload-time = "2025-06-17T21:30:19.455Z" },
]

[[package]]
name = "pygls"
version = "2.0.1"
source = { registry = "https://pypi.org/simple" }
dependencies = [
    { name = "attrs" },
    { name = "cattrs" },
    { name = "lsprotocol" },
]
sdist = { url = "https://files.pythonhosted.org/packages/1b/94/cce3560f6c7296be43bd67ba342f8972b8adddfe407b62b25d1fb90c514b/pygls-2.0.1.tar.gz", hash = "sha256:2f774a669fbe2ece977d302786f01f9b0c5df7d0204ea0fa371ecb08288d6b86", size = 55796, upload-time = "2026-01-26T23:04:33.8Z" }
wheels = [
    { url = "https://files.pythonhosted.org/packages/48/8b/d0d7e51f928ec6e555c943f7c07a712b992e9cf061d52cbf37fbf8622c05/pygls-2.0.1-py3-none-any.whl", hash = "sha256:d29748042cea5bedc98285eb3e2c0c60bf3fc73786319519001bf72bbe8f36cc", size = 69536, upload-time = "2026-01-26T23:04:35.197Z" },
]

[[package]]
name = "typing-extensions"
version = "4.15.0"
source = { registry = "https://pypi.org/simple" }
sdist = { url = "https://files.pythonhosted.org/packages/72/94/1a15dd82efb362ac84269196e94cf00f187f7ed21c242792a923cdb1c61f/typing_extensions-4.15.0.tar.gz", hash = "sha256:0cea48d173cc12fa28ecabc3b837ea3cf6f38c6d1136f85cbaaf598984861466", size = 109391, upload-time = "2025-08-25T13:49:26.313Z" }
wheels = [
    { url = "https://files.pythonhosted.org/packages/18/67/36e9267722cc04a6b9f15c7f3441c2363321a3ea07da7ae0c0707beb2a9c/typing_extensions-4.15.0-py3-none-any.whl", hash = "sha256:f0fa19c6845758ab08074a0cfa8b7aecb71c999ca73d62883bc25cc018c4e548", size = 44614, upload-time = "2025-08-25T13:49:24.86Z" },
]
